
Microsoft Visual Studio Solution File, Format Version 12.00
# Visual Studio 15
VisualStudioVersion = 15.0.27428.2005
MinimumVisualStudioVersion = 10.0.40219.1
Project("{2150E333-8FDC-42A3-9474-1A3956D46DE8}") = "0. Presentation", "0. Presentation", "{6AC95EFD-53E5-44A3-B159-F3741B8150D4}"
EndProject
Project("{2150E333-8FDC-42A3-9474-1A3956D46DE8}") = "1. Services", "1. Services", "{B7A7F73F-42B0-427F-A69A-DA368B9C6690}"
EndProject
Project("{2150E333-8FDC-42A3-9474-1A3956D46DE8}") = "2. Application", "2. Application", "{E245B2D1-A2FD-48B6-BEC6-02F684174458}"
EndProject
Project("{2150E333-8FDC-42A3-9474-1A3956D46DE8}") = "3. Domain", "3. Domain", "{60D71C9B-FCD4-43A2-8BF7-E9EA8C4A92B1}"
EndProject
Project("{2150E333-8FDC-42A3-9474-1A3956D46DE8}") = "4. Infra", "4. Infra", "{2C3E96E5-D301-4E0B-A176-94919A088689}"
EndProject
Project("{2150E333-8FDC-42A3-9474-1A3956D46DE8}") = "4.1. Data", "4.1. Data", "{61F83B6F-B43F-48F9-B9CC-C642A611591F}"
EndProject
Project("{2150E333-8FDC-42A3-9474-1A3956D46DE8}") = "4.2. CrossCutting", "4.2. CrossCutting", "{2444D857-F463-4F1D-B5DF-49BBC4E9F2ED}"
EndProject
Project("{FAE04EC0-301F-11D3-BF4B-00C04F79EFBC}") = "ErasmusDDD.MVC", "ErasmusDDD.MVC\ErasmusDDD.MVC.csproj", "{86AE8EF1-CE1B-41BC-8163-3EE6A66B6FE2}"
EndProject
Project("{FAE04EC0-301F-11D3-BF4B-00C04F79EFBC}") = "ErasmusDDD.Domain", "ErasmusDDD.Domain\ErasmusDDD.Domain.csproj", "{86E4B6E3-EE8C-4C2D-9287-AB041C7643FB}"
EndProject
Project("{FAE04EC0-301F-11D3-BF4B-00C04F79EFBC}") = "ErasmusDDD.Data", "ErasmusDDD.Data\ErasmusDDD.Data.csproj", "{9872EC08-47B2-4115-B804-7CF32F3E3EFC}"
EndProject
Project("{FAE04EC0-301F-11D3-BF4B-00C04F79EFBC}") = "ErasmusDDD.Application", "ErasmusDDD.Application\ErasmusDDD.Application.csproj", "{918BE177-8431-41DC-8E8F-C58D7E9071DE}"
EndProject
Project("{FAE04EC0-301F-11D3-BF4B-00C04F79EFBC}") = "ErasmusDDD.CrossCutting", "ErasmusDDD.CrossCutting\ErasmusDDD.CrossCutting.csproj", "{B7B5724D-FE0E-4241-A046-F14F1D22091F}"
EndProject
Global
	GlobalSection(SolutionConfigurationPlatforms) = preSolution
		Debug|Any CPU = Debug|Any CPU
		Release|Any CPU = Release|Any CPU
	EndGlobalSection
	GlobalSection(ProjectConfigurationPlatforms) = postSolution
		{86AE8EF1-CE1B-41BC-8163-3EE6A66B6FE2}.Debug|Any CPU.ActiveCfg = Debug|Any CPU
		{86AE8EF1-CE1B-41BC-8163-3EE6A66B6FE2}.Debug|Any CPU.Build.0 = Debug|Any CPU
		{86AE8EF1-CE1B-41BC-8163-3EE6A66B6FE2}.Release|Any CPU.ActiveCfg = Release|Any CPU
		{86AE8EF1-CE1B-41BC-8163-3EE6A66B6FE2}.Release|Any CPU.Build.0 = Release|Any CPU
		{86E4B6E3-EE8C-4C2D-9287-AB041C7643FB}.Debug|Any CPU.ActiveCfg = Debug|Any CPU
		{86E4B6E3-EE8C-4C2D-9287-AB041C7643FB}.Debug|Any CPU.Build.0 = Debug|Any CPU
		{86E4B6E3-EE8C-4C2D-9287-AB041C7643FB}.Release|Any CPU.ActiveCfg = Release|Any CPU
		{86E4B6E3-EE8C-4C2D-9287-AB041C7643FB}.Release|Any CPU.Build.0 = Release|Any CPU
		{9872EC08-47B2-4115-B804-7CF32F3E3EFC}.Debug|Any CPU.ActiveCfg = Debug|Any CPU
		{9872EC08-47B2-4115-B804-7CF32F3E3EFC}.Debug|Any CPU.Build.0 = Debug|Any CPU
		{9872EC08-47B2-4115-B804-7CF32F3E3EFC}.Release|Any CPU.ActiveCfg = Release|Any CPU
		{9872EC08-47B2-4115-B804-7CF32F3E3EFC}.Release|Any CPU.Build.0 = Release|Any CPU
		{918BE177-8431-41DC-8E8F-C58D7E9071DE}.Debug|Any CPU.ActiveCfg = Debug|Any CPU
		{918BE177-8431-41DC-8E8F-C58D7E9071DE}.Debug|Any CPU.Build.0 = Debug|Any CPU
		{918BE177-8431-41DC-8E8F-C58D7E9071DE}.Release|Any CPU.ActiveCfg = Release|Any CPU
		{918BE177-8431-41DC-8E8F-C58D7E9071DE}.Release|Any CPU.Build.0 = Release|Any CPU
		{B7B5724D-FE0E-4241-A046-F14F1D22091F}.Debug|Any CPU.ActiveCfg = Debug|Any CPU
		{B7B5724D-FE0E-4241-A046-F14F1D22091F}.Debug|Any CPU.Build.0 = Debug|Any CPU
		{B7B5724D-FE0E-4241-A046-F14F1D22091F}.Release|Any CPU.ActiveCfg = Release|Any CPU
		{B7B5724D-FE0E-4241-A046-F14F1D22091F}.Release|Any CPU.Build.0 = Release|Any CPU
	EndGlobalSection
	GlobalSection(SolutionProperties) = preSolution
		HideSolutionNode = FALSE
	EndGlobalSection
	GlobalSection(NestedProjects) = preSolution
		{61F83B6F-B43F-48F9-B9CC-C642A611591F} = {2C3E96E5-D301-4E0B-A176-94919A088689}
		{2444D857-F463-4F1D-B5DF-49BBC4E9F2ED} = {2C3E96E5-D301-4E0B-A176-94919A088689}
		{86AE8EF1-CE1B-41BC-8163-3EE6A66B6FE2} = {6AC95EFD-53E5-44A3-B159-F3741B8150D4}
		{86E4B6E3-EE8C-4C2D-9287-AB041C7643FB} = {60D71C9B-FCD4-43A2-8BF7-E9EA8C4A92B1}
		{9872EC08-47B2-4115-B804-7CF32F3E3EFC} = {61F83B6F-B43F-48F9-B9CC-C642A611591F}
		{918BE177-8431-41DC-8E8F-C58D7E9071DE} = {E245B2D1-A2FD-48B6-BEC6-02F684174458}
		{B7B5724D-FE0E-4241-A046-F14F1D22091F} = {2444D857-F463-4F1D-B5DF-49BBC4E9F2ED}
	EndGlobalSection
	GlobalSection(ExtensibilityGlobals) = postSolution
		SolutionGuid = {5B3BAF4C-B82E-4EC2-82A6-673A7BD84E71}
	EndGlobalSection
EndGlobal
